
Microsoft Visual Studio Solution File, Format Version 12.00
# Visual Studio Version 16
VisualStudioVersion = 16.0.30413.136
MinimumVisualStudioVersion = 10.0.40219.1
Project("{FAE04EC0-301F-11D3-BF4B-00C04F79EFBC}") = "Argon2.App", "src\Argon2.App\Argon2.App.csproj", "{98538837-2710-4488-A1B8-226E8A059576}"
EndProject
Global
	GlobalSection(SolutionConfigurationPlatforms) = preSolution
		Debug|Any CPU = Debug|Any CPU
		Release|Any CPU = Release|Any CPU
	EndGlobalSection
	GlobalSection(ProjectConfigurationPlatforms) = postSolution
		{98538837-2710-4488-A1B8-226E8A059576}.Debug|Any CPU.ActiveCfg = Debug|Any CPU
		{98538837-2710-4488-A1B8-226E8A059576}.Debug|Any CPU.Build.0 = Debug|Any CPU
		{98538837-2710-4488-A1B8-226E8A059576}.Release|Any CPU.ActiveCfg = Release|Any CPU
		{98538837-2710-4488-A1B8-226E8A059576}.Release|Any CPU.Build.0 = Release|Any CPU
	EndGlobalSection
	GlobalSection(SolutionProperties) = preSolution
		HideSolutionNode = FALSE
	EndGlobalSection
	GlobalSection(ExtensibilityGlobals) = postSolution
		SolutionGuid = {E5C75222-4BF8-41CB-9206-CAC937D08DCD}
	EndGlobalSection
EndGlobal
